
Microsoft Visual Studio Solution File, Format Version 12.00
# Visual Studio Version 17
VisualStudioVersion = 17.14.36616.10 d17.14
MinimumVisualStudioVersion = 10.0.40219.1
Project("{FAE04EC0-301F-11D3-BF4B-00C04F79EFBC}") = "Finals", "Finals\Finals.csproj", "{087F639E-B766-4C89-9EEE-95F6C07D38B5}"
EndProject
Global
	GlobalSection(SolutionConfigurationPlatforms) = preSolution
		Debug|Any CPU = Debug|Any CPU
		Release|Any CPU = Release|Any CPU
	EndGlobalSection
	GlobalSection(ProjectConfigurationPlatforms) = postSolution
		{087F639E-B766-4C89-9EEE-95F6C07D38B5}.Debug|Any CPU.ActiveCfg = Debug|Any CPU
		{087F639E-B766-4C89-9EEE-95F6C07D38B5}.Debug|Any CPU.Build.0 = Debug|Any CPU
		{087F639E-B766-4C89-9EEE-95F6C07D38B5}.Release|Any CPU.ActiveCfg = Release|Any CPU
		{087F639E-B766-4C89-9EEE-95F6C07D38B5}.Release|Any CPU.Build.0 = Release|Any CPU
	EndGlobalSection
	GlobalSection(SolutionProperties) = preSolution
		HideSolutionNode = FALSE
	EndGlobalSection
	GlobalSection(ExtensibilityGlobals) = postSolution
		SolutionGuid = {3792F72F-F80E-41BE-8AC5-FFBEE8068B4F}
	EndGlobalSection
EndGlobal
